
Microsoft Visual Studio Solution File, Format Version 12.00
# Visual Studio 15
VisualStudioVersion = 15.0.27428.2015
MinimumVisualStudioVersion = 10.0.40219.1
Project("{FAE04EC0-301F-11D3-BF4B-00C04F79EFBC}") = "PetitGeo30.Android", "PetitGeo30\PetitGeo30.Android\PetitGeo30.Android.csproj", "{EF1FC8DD-DA7C-479F-A07C-072A04A08FC0}"
EndProject
Project("{FAE04EC0-301F-11D3-BF4B-00C04F79EFBC}") = "PetitGeo30.iOS", "PetitGeo30\PetitGeo30.iOS\PetitGeo30.iOS.csproj", "{853A771B-92B6-485E-A2BF-CDE14F4E41D7}"
EndProject
Project("{FAE04EC0-301F-11D3-BF4B-00C04F79EFBC}") = "PetitGeo30.UWP", "PetitGeo30\PetitGeo30.UWP\PetitGeo30.UWP.csproj", "{4499A0A1-DB80-482A-AE21-C445D72093B8}"
EndProject
Project("{FAE04EC0-301F-11D3-BF4B-00C04F79EFBC}") = "PetitGeo30", "PetitGeo30\PetitGeo30\PetitGeo30.csproj", "{D4403852-A4E8-4CDB-9225-C68893215DCA}"
EndProject
Global
	GlobalSection(SolutionConfigurationPlatforms) = preSolution
		Ad-Hoc|Any CPU = Ad-Hoc|Any CPU
		Ad-Hoc|ARM = Ad-Hoc|ARM
		Ad-Hoc|iPhone = Ad-Hoc|iPhone
		Ad-Hoc|iPhoneSimulator = Ad-Hoc|iPhoneSimulator
		Ad-Hoc|x64 = Ad-Hoc|x64
		Ad-Hoc|x86 = Ad-Hoc|x86
		AppStore|Any CPU = AppStore|Any CPU
		AppStore|ARM = AppStore|ARM
		AppStore|iPhone = AppStore|iPhone
		AppStore|iPhoneSimulator = AppStore|iPhoneSimulator
		AppStore|x64 = AppStore|x64
		AppStore|x86 = AppStore|x86
		Debug|Any CPU = Debug|Any CPU
		Debug|ARM = Debug|ARM
		Debug|iPhone = Debug|iPhone
		Debug|iPhoneSimulator = Debug|iPhoneSimulator
		Debug|x64 = Debug|x64
		Debug|x86 = Debug|x86
		Release|Any CPU = Release|Any CPU
		Release|ARM = Release|ARM
		Release|iPhone = Release|iPhone
		Release|iPhoneSimulator = Release|iPhoneSimulator
		Release|x64 = Release|x64
		Release|x86 = Release|x86
	EndGlobalSection
	GlobalSection(ProjectConfigurationPlatforms) = postSolution
		{EF1FC8DD-DA7C-479F-A07C-072A04A08FC0}.Ad-Hoc|Any CPU.ActiveCfg = Release|Any CPU
		{EF1FC8DD-DA7C-479F-A07C-072A04A08FC0}.Ad-Hoc|Any CPU.Build.0 = Release|Any CPU
		{EF1FC8DD-DA7C-479F-A07C-072A04A08FC0}.Ad-Hoc|Any CPU.Deploy.0 = Release|Any CPU
		{EF1FC8DD-DA7C-479F-A07C-072A04A08FC0}.Ad-Hoc|ARM.ActiveCfg = Release|Any CPU
		{EF1FC8DD-DA7C-479F-A07C-072A04A08FC0}.Ad-Hoc|ARM.Build.0 = Release|Any CPU
		{EF1FC8DD-DA7C-479F-A07C-072A04A08FC0}.Ad-Hoc|ARM.Deploy.0 = Release|Any CPU
		{EF1FC8DD-DA7C-479F-A07C-072A04A08FC0}.Ad-Hoc|iPhone.ActiveCfg = Release|Any CPU
		{EF1FC8DD-DA7C-479F-A07C-072A04A08FC0}.Ad-Hoc|iPhone.Build.0 = Release|Any CPU
		{EF1FC8DD-DA7C-479F-A07C-072A04A08FC0}.Ad-Hoc|iPhone.Deploy.0 = Release|Any CPU
		{EF1FC8DD-DA7C-479F-A07C-072A04A08FC0}.Ad-Hoc|iPhoneSimulator.ActiveCfg = Release|Any CPU
		{EF1FC8DD-DA7C-479F-A07C-072A04A08FC0}.Ad-Hoc|iPhoneSimulator.Build.0 = Release|Any CPU
		{EF1FC8DD-DA7C-479F-A07C-072A04A08FC0}.Ad-Hoc|iPhoneSimulator.Deploy.0 = Release|Any CPU
		{EF1FC8DD-DA7C-479F-A07C-072A04A08FC0}.Ad-Hoc|x64.ActiveCfg = Release|Any CPU
		{EF1FC8DD-DA7C-479F-A07C-072A04A08FC0}.Ad-Hoc|x64.Build.0 = Release|Any CPU
		{EF1FC8DD-DA7C-479F-A07C-072A04A08FC0}.Ad-Hoc|x64.Deploy.0 = Release|Any CPU
		{EF1FC8DD-DA7C-479F-A07C-072A04A08FC0}.Ad-Hoc|x86.ActiveCfg = Release|Any CPU
		{EF1FC8DD-DA7C-479F-A07C-072A04A08FC0}.Ad-Hoc|x86.Build.0 = Release|Any CPU
		{EF1FC8DD-DA7C-479F-A07C-072A04A08FC0}.Ad-Hoc|x86.Deploy.0 = Release|Any CPU
		{EF1FC8DD-DA7C-479F-A07C-072A04A08FC0}.AppStore|Any CPU.ActiveCfg = Release|Any CPU
		{EF1FC8DD-DA7C-479F-A07C-072A04A08FC0}.AppStore|Any CPU.Build.0 = Release|Any CPU
		{EF1FC8DD-DA7C-479F-A07C-072A04A08FC0}.AppStore|Any CPU.Deploy.0 = Release|Any CPU
		{EF1FC8DD-DA7C-479F-A07C-072A04A08FC0}.AppStore|ARM.ActiveCfg = Release|Any CPU
		{EF1FC8DD-DA7C-479F-A07C-072A04A08FC0}.AppStore|ARM.Build.0 = Release|Any CPU
		{EF1FC8DD-DA7C-479F-A07C-072A04A08FC0}.AppStore|ARM.Deploy.0 = Release|Any CPU
		{EF1FC8DD-DA7C-479F-A07C-072A04A08FC0}.AppStore|iPhone.ActiveCfg = Release|Any CPU
		{EF1FC8DD-DA7C-479F-A07C-072A04A08FC0}.AppStore|iPhone.Build.0 = Release|Any CPU
		{EF1FC8DD-DA7C-479F-A07C-072A04A08FC0}.AppStore|iPhone.Deploy.0 = Release|Any CPU
		{EF1FC8DD-DA7C-479F-A07C-072A04A08FC0}.AppStore|iPhoneSimulator.ActiveCfg = Release|Any CPU
		{EF1FC8DD-DA7C-479F-A07C-072A04A08FC0}.AppStore|iPhoneSimulator.Build.0 = Release|Any CPU
		{EF1FC8DD-DA7C-479F-A07C-072A04A08FC0}.AppStore|iPhoneSimulator.Deploy.0 = Release|Any CPU
		{EF1FC8DD-DA7C-479F-A07C-072A04A08FC0}.AppStore|x64.ActiveCfg = Release|Any CPU
		{EF1FC8DD-DA7C-479F-A07C-072A04A08FC0}.AppStore|x64.Build.0 = Release|Any CPU
		{EF1FC8DD-DA7C-479F-A07C-072A04A08FC0}.AppStore|x64.Deploy.0 = Release|Any CPU
		{EF1FC8DD-DA7C-479F-A07C-072A04A08FC0}.AppStore|x86.ActiveCfg = Release|Any CPU
		{EF1FC8DD-DA7C-479F-A07C-072A04A08FC0}.AppStore|x86.Build.0 = Release|Any CPU
		{EF1FC8DD-DA7C-479F-A07C-072A04A08FC0}.AppStore|x86.Deploy.0 = Release|Any CPU
		{EF1FC8DD-DA7C-479F-A07C-072A04A08FC0}.Debug|Any CPU.ActiveCfg = Debug|Any CPU
		{EF1FC8DD-DA7C-479F-A07C-072A04A08FC0}.Debug|Any CPU.Build.0 = Debug|Any CPU
		{EF1FC8DD-DA7C-479F-A07C-072A04A08FC0}.Debug|Any CPU.Deploy.0 = Debug|Any CPU
		{EF1FC8DD-DA7C-479F-A07C-072A04A08FC0}.Debug|ARM.ActiveCfg = Debug|Any CPU
		{EF1FC8DD-DA7C-479F-A07C-072A04A08FC0}.Debug|ARM.Build.0 = Debug|Any CPU
		{EF1FC8DD-DA7C-479F-A07C-072A04A08FC0}.Debug|ARM.Deploy.0 = Debug|Any CPU
		{EF1FC8DD-DA7C-479F-A07C-072A04A08FC0}.Debug|iPhone.ActiveCfg = Debug|Any CPU
		{EF1FC8DD-DA7C-479F-A07C-072A04A08FC0}.Debug|iPhone.Build.0 = Debug|Any CPU
		{EF1FC8DD-DA7C-479F-A07C-072A04A08FC0}.Debug|iPhone.Deploy.0 = Debug|Any CPU
		{EF1FC8DD-DA7C-479F-A07C-072A04A08FC0}.Debug|iPhoneSimulator.ActiveCfg = Debug|Any CPU
		{EF1FC8DD-DA7C-479F-A07C-072A04A08FC0}.Debug|iPhoneSimulator.Build.0 = Debug|Any CPU
		{EF1FC8DD-DA7C-479F-A07C-072A04A08FC0}.Debug|iPhoneSimulator.Deploy.0 = Debug|Any CPU
		{EF1FC8DD-DA7C-479F-A07C-072A04A08FC0}.Debug|x64.ActiveCfg = Debug|Any CPU
		{EF1FC8DD-DA7C-479F-A07C-072A04A08FC0}.Debug|x64.Build.0 = Debug|Any CPU
		{EF1FC8DD-DA7C-479F-A07C-072A04A08FC0}.Debug|x64.Deploy.0 = Debug|Any CPU
		{EF1FC8DD-DA7C-479F-A07C-072A04A08FC0}.Debug|x86.ActiveCfg = Debug|Any CPU
		{EF1FC8DD-DA7C-479F-A07C-072A04A08FC0}.Debug|x86.Build.0 = Debug|Any CPU
		{EF1FC8DD-DA7C-479F-A07C-072A04A08FC0}.Debug|x86.Deploy.0 = Debug|Any CPU
		{EF1FC8DD-DA7C-479F-A07C-072A04A08FC0}.Release|Any CPU.ActiveCfg = Release|Any CPU
		{EF1FC8DD-DA7C-479F-A07C-072A04A08FC0}.Release|Any CPU.Build.0 = Release|Any CPU
		{EF1FC8DD-DA7C-479F-A07C-072A04A08FC0}.Release|Any CPU.Deploy.0 = Release|Any CPU
		{EF1FC8DD-DA7C-479F-A07C-072A04A08FC0}.Release|ARM.ActiveCfg = Release|Any CPU
		{EF1FC8DD-DA7C-479F-A07C-072A04A08FC0}.Release|ARM.Build.0 = Release|Any CPU
		{EF1FC8DD-DA7C-479F-A07C-072A04A08FC0}.Release|ARM.Deploy.0 = Release|Any CPU
		{EF1FC8DD-DA7C-479F-A07C-072A04A08FC0}.Release|iPhone.ActiveCfg = Release|Any CPU
		{EF1FC8DD-DA7C-479F-A07C-072A04A08FC0}.Release|iPhone.Build.0 = Release|Any CPU
		{EF1FC8DD-DA7C-479F-A07C-072A04A08FC0}.Release|iPhone.Deploy.0 = Release|Any CPU
		{EF1FC8DD-DA7C-479F-A07C-072A04A08FC0}.Release|iPhoneSimulator.ActiveCfg = Release|Any CPU
		{EF1FC8DD-DA7C-479F-A07C-072A04A08FC0}.Release|iPhoneSimulator.Build.0 = Release|Any CPU
		{EF1FC8DD-DA7C-479F-A07C-072A04A08FC0}.Release|iPhoneSimulator.Deploy.0 = Release|Any CPU
		{EF1FC8DD-DA7C-479F-A07C-072A04A08FC0}.Release|x64.ActiveCfg = Release|Any CPU
		{EF1FC8DD-DA7C-479F-A07C-072A04A08FC0}.Release|x64.Build.0 = Release|Any CPU
		{EF1FC8DD-DA7C-479F-A07C-072A04A08FC0}.Release|x64.Deploy.0 = Release|Any CPU
		{EF1FC8DD-DA7C-479F-A07C-072A04A08FC0}.Release|x86.ActiveCfg = Release|Any CPU
		{EF1FC8DD-DA7C-479F-A07C-072A04A08FC0}.Release|x86.Build.0 = Release|Any CPU
		{EF1FC8DD-DA7C-479F-A07C-072A04A08FC0}.Release|x86.Deploy.0 = Release|Any CPU
		{853A771B-92B6-485E-A2BF-CDE14F4E41D7}.Ad-Hoc|Any CPU.ActiveCfg = Ad-Hoc|iPhone
		{853A771B-92B6-485E-A2BF-CDE14F4E41D7}.Ad-Hoc|ARM.ActiveCfg = Ad-Hoc|iPhone
		{853A771B-92B6-485E-A2BF-CDE14F4E41D7}.Ad-Hoc|iPhone.ActiveCfg = Ad-Hoc|iPhone
		{853A771B-92B6-485E-A2BF-CDE14F4E41D7}.Ad-Hoc|iPhone.Build.0 = Ad-Hoc|iPhone
		{853A771B-92B6-485E-A2BF-CDE14F4E41D7}.Ad-Hoc|iPhoneSimulator.ActiveCfg = Ad-Hoc|iPhoneSimulator
		{853A771B-92B6-485E-A2BF-CDE14F4E41D7}.Ad-Hoc|iPhoneSimulator.Build.0 = Ad-Hoc|iPhoneSimulator
		{853A771B-92B6-485E-A2BF-CDE14F4E41D7}.Ad-Hoc|x64.ActiveCfg = Ad-Hoc|iPhone
		{853A771B-92B6-485E-A2BF-CDE14F4E41D7}.Ad-Hoc|x86.ActiveCfg = Ad-Hoc|iPhone
		{853A771B-92B6-485E-A2BF-CDE14F4E41D7}.AppStore|Any CPU.ActiveCfg = AppStore|iPhone
		{853A771B-92B6-485E-A2BF-CDE14F4E41D7}.AppStore|ARM.ActiveCfg = AppStore|iPhone
		{853A771B-92B6-485E-A2BF-CDE14F4E41D7}.AppStore|iPhone.ActiveCfg = AppStore|iPhone
		{853A771B-92B6-485E-A2BF-CDE14F4E41D7}.AppStore|iPhone.Build.0 = AppStore|iPhone
		{853A771B-92B6-485E-A2BF-CDE14F4E41D7}.AppStore|iPhoneSimulator.ActiveCfg = AppStore|iPhoneSimulator
		{853A771B-92B6-485E-A2BF-CDE14F4E41D7}.AppStore|iPhoneSimulator.Build.0 = AppStore|iPhoneSimulator
		{853A771B-92B6-485E-A2BF-CDE14F4E41D7}.AppStore|x64.ActiveCfg = AppStore|iPhone
		{853A771B-92B6-485E-A2BF-CDE14F4E41D7}.AppStore|x86.ActiveCfg = AppStore|iPhone
		{853A771B-92B6-485E-A2BF-CDE14F4E41D7}.Debug|Any CPU.ActiveCfg = Debug|iPhone
		{853A771B-92B6-485E-A2BF-CDE14F4E41D7}.Debug|ARM.ActiveCfg = Debug|iPhone
		{853A771B-92B6-485E-A2BF-CDE14F4E41D7}.Debug|iPhone.ActiveCfg = Debug|iPhone
		{853A771B-92B6-485E-A2BF-CDE14F4E41D7}.Debug|iPhone.Build.0 = Debug|iPhone
		{853A771B-92B6-485E-A2BF-CDE14F4E41D7}.Debug|iPhoneSimulator.ActiveCfg = Debug|iPhoneSimulator
		{853A771B-92B6-485E-A2BF-CDE14F4E41D7}.Debug|iPhoneSimulator.Build.0 = Debug|iPhoneSimulator
		{853A771B-92B6-485E-A2BF-CDE14F4E41D7}.Debug|x64.ActiveCfg = Debug|iPhone
		{853A771B-92B6-485E-A2BF-CDE14F4E41D7}.Debug|x86.ActiveCfg = Debug|iPhone
		{853A771B-92B6-485E-A2BF-CDE14F4E41D7}.Release|Any CPU.ActiveCfg = Release|iPhone
		{853A771B-92B6-485E-A2BF-CDE14F4E41D7}.Release|ARM.ActiveCfg = Release|iPhone
		{853A771B-92B6-485E-A2BF-CDE14F4E41D7}.Release|iPhone.ActiveCfg = Release|iPhone
		{853A771B-92B6-485E-A2BF-CDE14F4E41D7}.Release|iPhone.Build.0 = Release|iPhone
		{853A771B-92B6-485E-A2BF-CDE14F4E41D7}.Release|iPhoneSimulator.ActiveCfg = Release|iPhoneSimulator
		{853A771B-92B6-485E-A2BF-CDE14F4E41D7}.Release|iPhoneSimulator.Build.0 = Release|iPhoneSimulator
		{853A771B-92B6-485E-A2BF-CDE14F4E41D7}.Release|x64.ActiveCfg = Release|iPhone
		{853A771B-92B6-485E-A2BF-CDE14F4E41D7}.Release|x86.ActiveCfg = Release|iPhone
		{4499A0A1-DB80-482A-AE21-C445D72093B8}.Ad-Hoc|Any CPU.ActiveCfg = Release|x86
		{4499A0A1-DB80-482A-AE21-C445D72093B8}.Ad-Hoc|Any CPU.Build.0 = Release|x86
		{4499A0A1-DB80-482A-AE21-C445D72093B8}.Ad-Hoc|Any CPU.Deploy.0 = Release|x86
		{4499A0A1-DB80-482A-AE21-C445D72093B8}.Ad-Hoc|ARM.ActiveCfg = Release|ARM
		{4499A0A1-DB80-482A-AE21-C445D72093B8}.Ad-Hoc|ARM.Build.0 = Release|ARM
		{4499A0A1-DB80-482A-AE21-C445D72093B8}.Ad-Hoc|ARM.Deploy.0 = Release|ARM
		{4499A0A1-DB80-482A-AE21-C445D72093B8}.Ad-Hoc|iPhone.ActiveCfg = Release|x86
		{4499A0A1-DB80-482A-AE21-C445D72093B8}.Ad-Hoc|iPhone.Build.0 = Release|x86
		{4499A0A1-DB80-482A-AE21-C445D72093B8}.Ad-Hoc|iPhone.Deploy.0 = Release|x86
		{4499A0A1-DB80-482A-AE21-C445D72093B8}.Ad-Hoc|iPhoneSimulator.ActiveCfg = Release|x86
		{4499A0A1-DB80-482A-AE21-C445D72093B8}.Ad-Hoc|iPhoneSimulator.Build.0 = Release|x86
		{4499A0A1-DB80-482A-AE21-C445D72093B8}.Ad-Hoc|iPhoneSimulator.Deploy.0 = Release|x86
		{4499A0A1-DB80-482A-AE21-C445D72093B8}.Ad-Hoc|x64.ActiveCfg = Release|x64
		{4499A0A1-DB80-482A-AE21-C445D72093B8}.Ad-Hoc|x64.Build.0 = Release|x64
		{4499A0A1-DB80-482A-AE21-C445D72093B8}.Ad-Hoc|x64.Deploy.0 = Release|x64
		{4499A0A1-DB80-482A-AE21-C445D72093B8}.Ad-Hoc|x86.ActiveCfg = Release|x86
		{4499A0A1-DB80-482A-AE21-C445D72093B8}.Ad-Hoc|x86.Build.0 = Release|x86
		{4499A0A1-DB80-482A-AE21-C445D72093B8}.Ad-Hoc|x86.Deploy.0 = Release|x86
		{4499A0A1-DB80-482A-AE21-C445D72093B8}.AppStore|Any CPU.ActiveCfg = Release|x86
		{4499A0A1-DB80-482A-AE21-C445D72093B8}.AppStore|Any CPU.Build.0 = Release|x86
		{4499A0A1-DB80-482A-AE21-C445D72093B8}.AppStore|Any CPU.Deploy.0 = Release|x86
		{4499A0A1-DB80-482A-AE21-C445D72093B8}.AppStore|ARM.ActiveCfg = Release|ARM
		{4499A0A1-DB80-482A-AE21-C445D72093B8}.AppStore|ARM.Build.0 = Release|ARM
		{4499A0A1-DB80-482A-AE21-C445D72093B8}.AppStore|ARM.Deploy.0 = Release|ARM
		{4499A0A1-DB80-482A-AE21-C445D72093B8}.AppStore|iPhone.ActiveCfg = Release|x86
		{4499A0A1-DB80-482A-AE21-C445D72093B8}.AppStore|iPhone.Build.0 = Release|x86
		{4499A0A1-DB80-482A-AE21-C445D72093B8}.AppStore|iPhone.Deploy.0 = Release|x86
		{4499A0A1-DB80-482A-AE21-C445D72093B8}.AppStore|iPhoneSimulator.ActiveCfg = Release|x86
		{4499A0A1-DB80-482A-AE21-C445D72093B8}.AppStore|iPhoneSimulator.Build.0 = Release|x86
		{4499A0A1-DB80-482A-AE21-C445D72093B8}.AppStore|iPhoneSimulator.Deploy.0 = Release|x86
		{4499A0A1-DB80-482A-AE21-C445D72093B8}.AppStore|x64.ActiveCfg = Release|x64
		{4499A0A1-DB80-482A-AE21-C445D72093B8}.AppStore|x64.Build.0 = Release|x64
		{4499A0A1-DB80-482A-AE21-C445D72093B8}.AppStore|x64.Deploy.0 = Release|x64
		{4499A0A1-DB80-482A-AE21-C445D72093B8}.AppStore|x86.ActiveCfg = Release|x86
		{4499A0A1-DB80-482A-AE21-C445D72093B8}.AppStore|x86.Build.0 = Release|x86
		{4499A0A1-DB80-482A-AE21-C445D72093B8}.AppStore|x86.Deploy.0 = Release|x86
		{4499A0A1-DB80-482A-AE21-C445D72093B8}.Debug|Any CPU.ActiveCfg = Debug|x86
		{4499A0A1-DB80-482A-AE21-C445D72093B8}.Debug|ARM.ActiveCfg = Debug|ARM
		{4499A0A1-DB80-482A-AE21-C445D72093B8}.Debug|ARM.Build.0 = Debug|ARM
		{4499A0A1-DB80-482A-AE21-C445D72093B8}.Debug|ARM.Deploy.0 = Debug|ARM
		{4499A0A1-DB80-482A-AE21-C445D72093B8}.Debug|iPhone.ActiveCfg = Debug|x86
		{4499A0A1-DB80-482A-AE21-C445D72093B8}.Debug|iPhoneSimulator.ActiveCfg = Debug|x86
		{4499A0A1-DB80-482A-AE21-C445D72093B8}.Debug|x64.ActiveCfg = Debug|x64
		{4499A0A1-DB80-482A-AE21-C445D72093B8}.Debug|x64.Build.0 = Debug|x64
		{4499A0A1-DB80-482A-AE21-C445D72093B8}.Debug|x64.Deploy.0 = Debug|x64
		{4499A0A1-DB80-482A-AE21-C445D72093B8}.Debug|x86.ActiveCfg = Debug|x86
		{4499A0A1-DB80-482A-AE21-C445D72093B8}.Debug|x86.Build.0 = Debug|x86
		{4499A0A1-DB80-482A-AE21-C445D72093B8}.Debug|x86.Deploy.0 = Debug|x86
		{4499A0A1-DB80-482A-AE21-C445D72093B8}.Release|Any CPU.ActiveCfg = Release|x86
		{4499A0A1-DB80-482A-AE21-C445D72093B8}.Release|ARM.ActiveCfg = Release|ARM
		{4499A0A1-DB80-482A-AE21-C445D72093B8}.Release|ARM.Build.0 = Release|ARM
		{4499A0A1-DB80-482A-AE21-C445D72093B8}.Release|ARM.Deploy.0 = Release|ARM
		{4499A0A1-DB80-482A-AE21-C445D72093B8}.Release|iPhone.ActiveCfg = Release|x86
		{4499A0A1-DB80-482A-AE21-C445D72093B8}.Release|iPhoneSimulator.ActiveCfg = Release|x86
		{4499A0A1-DB80-482A-AE21-C445D72093B8}.Release|x64.ActiveCfg = Release|x64
		{4499A0A1-DB80-482A-AE21-C445D72093B8}.Release|x64.Build.0 = Release|x64
		{4499A0A1-DB80-482A-AE21-C445D72093B8}.Release|x64.Deploy.0 = Release|x64
		{4499A0A1-DB80-482A-AE21-C445D72093B8}.Release|x86.ActiveCfg = Release|x86
		{4499A0A1-DB80-482A-AE21-C445D72093B8}.Release|x86.Build.0 = Release|x86
		{4499A0A1-DB80-482A-AE21-C445D72093B8}.Release|x86.Deploy.0 = Release|x86
		{D4403852-A4E8-4CDB-9225-C68893215DCA}.Ad-Hoc|Any CPU.ActiveCfg = Debug|Any CPU
		{D4403852-A4E8-4CDB-9225-C68893215DCA}.Ad-Hoc|Any CPU.Build.0 = Debug|Any CPU
		{D4403852-A4E8-4CDB-9225-C68893215DCA}.Ad-Hoc|ARM.ActiveCfg = Debug|Any CPU
		{D4403852-A4E8-4CDB-9225-C68893215DCA}.Ad-Hoc|ARM.Build.0 = Debug|Any CPU
		{D4403852-A4E8-4CDB-9225-C68893215DCA}.Ad-Hoc|iPhone.ActiveCfg = Debug|Any CPU
		{D4403852-A4E8-4CDB-9225-C68893215DCA}.Ad-Hoc|iPhone.Build.0 = Debug|Any CPU
		{D4403852-A4E8-4CDB-9225-C68893215DCA}.Ad-Hoc|iPhoneSimulator.ActiveCfg = Debug|Any CPU
		{D4403852-A4E8-4CDB-9225-C68893215DCA}.Ad-Hoc|iPhoneSimulator.Build.0 = Debug|Any CPU
		{D4403852-A4E8-4CDB-9225-C68893215DCA}.Ad-Hoc|x64.ActiveCfg = Debug|Any CPU
		{D4403852-A4E8-4CDB-9225-C68893215DCA}.Ad-Hoc|x64.Build.0 = Debug|Any CPU
		{D4403852-A4E8-4CDB-9225-C68893215DCA}.Ad-Hoc|x86.ActiveCfg = Debug|Any CPU
		{D4403852-A4E8-4CDB-9225-C68893215DCA}.Ad-Hoc|x86.Build.0 = Debug|Any CPU
		{D4403852-A4E8-4CDB-9225-C68893215DCA}.AppStore|Any CPU.ActiveCfg = Debug|Any CPU
		{D4403852-A4E8-4CDB-9225-C68893215DCA}.AppStore|Any CPU.Build.0 = Debug|Any CPU
		{D4403852-A4E8-4CDB-9225-C68893215DCA}.AppStore|ARM.ActiveCfg = Debug|Any CPU
		{D4403852-A4E8-4CDB-9225-C68893215DCA}.AppStore|ARM.Build.0 = Debug|Any CPU
		{D4403852-A4E8-4CDB-9225-C68893215DCA}.AppStore|iPhone.ActiveCfg = Debug|Any CPU
		{D4403852-A4E8-4CDB-9225-C68893215DCA}.AppStore|iPhone.Build.0 = Debug|Any CPU
		{D4403852-A4E8-4CDB-9225-C68893215DCA}.AppStore|iPhoneSimulator.ActiveCfg = Debug|Any CPU
		{D4403852-A4E8-4CDB-9225-C68893215DCA}.AppStore|iPhoneSimulator.Build.0 = Debug|Any CPU
		{D4403852-A4E8-4CDB-9225-C68893215DCA}.AppStore|x64.ActiveCfg = Debug|Any CPU
		{D4403852-A4E8-4CDB-9225-C68893215DCA}.AppStore|x64.Build.0 = Debug|Any CPU
		{D4403852-A4E8-4CDB-9225-C68893215DCA}.AppStore|x86.ActiveCfg = Debug|Any CPU
		{D4403852-A4E8-4CDB-9225-C68893215DCA}.AppStore|x86.Build.0 = Debug|Any CPU
		{D4403852-A4E8-4CDB-9225-C68893215DCA}.Debug|Any CPU.ActiveCfg = Debug|Any CPU
		{D4403852-A4E8-4CDB-9225-C68893215DCA}.Debug|Any CPU.Build.0 = Debug|Any CPU
		{D4403852-A4E8-4CDB-9225-C68893215DCA}.Debug|ARM.ActiveCfg = Debug|Any CPU
		{D4403852-A4E8-4CDB-9225-C68893215DCA}.Debug|ARM.Build.0 = Debug|Any CPU
		{D4403852-A4E8-4CDB-9225-C68893215DCA}.Debug|iPhone.ActiveCfg = Debug|Any CPU
		{D4403852-A4E8-4CDB-9225-C68893215DCA}.Debug|iPhone.Build.0 = Debug|Any CPU
		{D4403852-A4E8-4CDB-9225-C68893215DCA}.Debug|iPhoneSimulator.ActiveCfg = Debug|Any CPU
		{D4403852-A4E8-4CDB-9225-C68893215DCA}.Debug|iPhoneSimulator.Build.0 = Debug|Any CPU
		{D4403852-A4E8-4CDB-9225-C68893215DCA}.Debug|x64.ActiveCfg = Debug|Any CPU
		{D4403852-A4E8-4CDB-9225-C68893215DCA}.Debug|x64.Build.0 = Debug|Any CPU
		{D4403852-A4E8-4CDB-9225-C68893215DCA}.Debug|x86.ActiveCfg = Debug|Any CPU
		{D4403852-A4E8-4CDB-9225-C68893215DCA}.Debug|x86.Build.0 = Debug|Any CPU
		{D4403852-A4E8-4CDB-9225-C68893215DCA}.Release|Any CPU.ActiveCfg = Release|Any CPU
		{D4403852-A4E8-4CDB-9225-C68893215DCA}.Release|Any CPU.Build.0 = Release|Any CPU
		{D4403852-A4E8-4CDB-9225-C68893215DCA}.Release|ARM.ActiveCfg = Release|Any CPU
		{D4403852-A4E8-4CDB-9225-C68893215DCA}.Release|ARM.Build.0 = Release|Any CPU
		{D4403852-A4E8-4CDB-9225-C68893215DCA}.Release|iPhone.ActiveCfg = Release|Any CPU
		{D4403852-A4E8-4CDB-9225-C68893215DCA}.Release|iPhone.Build.0 = Release|Any CPU
		{D4403852-A4E8-4CDB-9225-C68893215DCA}.Release|iPhoneSimulator.ActiveCfg = Release|Any CPU
		{D4403852-A4E8-4CDB-9225-C68893215DCA}.Release|iPhoneSimulator.Build.0 = Release|Any CPU
		{D4403852-A4E8-4CDB-9225-C68893215DCA}.Release|x64.ActiveCfg = Release|Any CPU
		{D4403852-A4E8-4CDB-9225-C68893215DCA}.Release|x64.Build.0 = Release|Any CPU
		{D4403852-A4E8-4CDB-9225-C68893215DCA}.Release|x86.ActiveCfg = Release|Any CPU
		{D4403852-A4E8-4CDB-9225-C68893215DCA}.Release|x86.Build.0 = Release|Any CPU
	EndGlobalSection
	GlobalSection(SolutionProperties) = preSolution
		HideSolutionNode = FALSE
	EndGlobalSection
	GlobalSection(ExtensibilityGlobals) = postSolution
		SolutionGuid = {CA085B56-A79B-4691-831F-39104C4D7ED2}
	EndGlobalSection
EndGlobal
